
Microsoft Visual Studio Solution File, Format Version 12.00
# Visual Studio Version 17
VisualStudioVersion = 17.5.33103.201
MinimumVisualStudioVersion = 10.0.40219.1
Project("{FAE04EC0-301F-11D3-BF4B-00C04F79EFBC}") = "DebrisTweaks", "DebrisTweaks\DebrisTweaks.csproj", "{730DFDCA-2802-44BE-B4AF-23E3D022AFE2}"
EndProject
Global
	GlobalSection(SolutionConfigurationPlatforms) = preSolution
		Debug|Any CPU = Debug|Any CPU
		Release|Any CPU = Release|Any CPU
	EndGlobalSection
	GlobalSection(ProjectConfigurationPlatforms) = postSolution
		{730DFDCA-2802-44BE-B4AF-23E3D022AFE2}.Debug|Any CPU.ActiveCfg = Debug|Any CPU
		{730DFDCA-2802-44BE-B4AF-23E3D022AFE2}.Debug|Any CPU.Build.0 = Debug|Any CPU
		{730DFDCA-2802-44BE-B4AF-23E3D022AFE2}.Release|Any CPU.ActiveCfg = Release|Any CPU
		{730DFDCA-2802-44BE-B4AF-23E3D022AFE2}.Release|Any CPU.Build.0 = Release|Any CPU
	EndGlobalSection
	GlobalSection(SolutionProperties) = preSolution
		HideSolutionNode = FALSE
	EndGlobalSection
	GlobalSection(ExtensibilityGlobals) = postSolution
		SolutionGuid = {7673A507-30E8-4651-8356-82BC8CDF5B6F}
	EndGlobalSection
EndGlobal
